Microsoft Visual Studio Solution File, Format Version 12.00
# Visual Studio Version 17
VisualStudioVersion = 17.0.31903.59
MinimumVisualStudioVersion = 10.0.40219.1
Project("{FAE04EC0-301F-11D3-BF4B-00C04F79EFBC}") = "DiarioSenac.Classes", "DiarioSenac.Classes\DiarioSenac.Classes.csproj", "{97A20136-52B8-4967-B74E-7E00B42D23DC}"
EndProject
Project("{FAE04EC0-301F-11D3-BF4B-00C04F79EFBC}") = "DiarioSenac.ConsoleApp", "DiarioSenac.ConsoleApp\DiarioSenac.ConsoleApp.csproj", "{8E25A518-A65E-459B-A56A-67A6B91396D0}"
EndProject
Project("{FAE04EC0-301F-11D3-BF4B-00C04F79EFBC}") = "DiarioSenac.Data", "DiarioSenac.Data\DiarioSenac.Data.csproj", "{F38543E8-9DC1-456B-A604-534A77F2DB30}"
EndProject
Global
	GlobalSection(SolutionConfigurationPlatforms) = preSolution
		Debug|Any CPU = Debug|Any CPU
		Debug|x64 = Debug|x64
		Debug|x86 = Debug|x86
		Release|Any CPU = Release|Any CPU
		Release|x64 = Release|x64
		Release|x86 = Release|x86
	EndGlobalSection
	GlobalSection(ProjectConfigurationPlatforms) = postSolution
		{97A20136-52B8-4967-B74E-7E00B42D23DC}.Debug|Any CPU.ActiveCfg = Debug|Any CPU
		{97A20136-52B8-4967-B74E-7E00B42D23DC}.Debug|Any CPU.Build.0 = Debug|Any CPU
		{97A20136-52B8-4967-B74E-7E00B42D23DC}.Debug|x64.ActiveCfg = Debug|Any CPU
		{97A20136-52B8-4967-B74E-7E00B42D23DC}.Debug|x64.Build.0 = Debug|Any CPU
		{97A20136-52B8-4967-B74E-7E00B42D23DC}.Debug|x86.ActiveCfg = Debug|Any CPU
		{97A20136-52B8-4967-B74E-7E00B42D23DC}.Debug|x86.Build.0 = Debug|Any CPU
		{97A20136-52B8-4967-B74E-7E00B42D23DC}.Release|Any CPU.ActiveCfg = Release|Any CPU
		{97A20136-52B8-4967-B74E-7E00B42D23DC}.Release|Any CPU.Build.0 = Release|Any CPU
		{97A20136-52B8-4967-B74E-7E00B42D23DC}.Release|x64.ActiveCfg = Release|Any CPU
		{97A20136-52B8-4967-B74E-7E00B42D23DC}.Release|x64.Build.0 = Release|Any CPU
		{97A20136-52B8-4967-B74E-7E00B42D23DC}.Release|x86.ActiveCfg = Release|Any CPU
		{97A20136-52B8-4967-B74E-7E00B42D23DC}.Release|x86.Build.0 = Release|Any CPU
		{8E25A518-A65E-459B-A56A-67A6B91396D0}.Debug|Any CPU.ActiveCfg = Debug|Any CPU
		{8E25A518-A65E-459B-A56A-67A6B91396D0}.Debug|Any CPU.Build.0 = Debug|Any CPU
		{8E25A518-A65E-459B-A56A-67A6B91396D0}.Debug|x64.ActiveCfg = Debug|Any CPU
		{8E25A518-A65E-459B-A56A-67A6B91396D0}.Debug|x64.Build.0 = Debug|Any CPU
		{8E25A518-A65E-459B-A56A-67A6B91396D0}.Debug|x86.ActiveCfg = Debug|Any CPU
		{8E25A518-A65E-459B-A56A-67A6B91396D0}.Debug|x86.Build.0 = Debug|Any CPU
		{8E25A518-A65E-459B-A56A-67A6B91396D0}.Release|Any CPU.ActiveCfg = Release|Any CPU
		{8E25A518-A65E-459B-A56A-67A6B91396D0}.Release|Any CPU.Build.0 = Release|Any CPU
		{8E25A518-A65E-459B-A56A-67A6B91396D0}.Release|x64.ActiveCfg = Release|Any CPU
		{8E25A518-A65E-459B-A56A-67A6B91396D0}.Release|x64.Build.0 = Release|Any CPU
		{8E25A518-A65E-459B-A56A-67A6B91396D0}.Release|x86.ActiveCfg = Release|Any CPU
		{8E25A518-A65E-459B-A56A-67A6B91396D0}.Release|x86.Build.0 = Release|Any CPU
		{F38543E8-9DC1-456B-A604-534A77F2DB30}.Debug|Any CPU.ActiveCfg = Debug|Any CPU
		{F38543E8-9DC1-456B-A604-534A77F2DB30}.Debug|Any CPU.Build.0 = Debug|Any CPU
		{F38543E8-9DC1-456B-A604-534A77F2DB30}.Debug|x64.ActiveCfg = Debug|Any CPU
		{F38543E8-9DC1-456B-A604-534A77F2DB30}.Debug|x64.Build.0 = Debug|Any CPU
		{F38543E8-9DC1-456B-A604-534A77F2DB30}.Debug|x86.ActiveCfg = Debug|Any CPU
		{F38543E8-9DC1-456B-A604-534A77F2DB30}.Debug|x86.Build.0 = Debug|Any CPU
		{F38543E8-9DC1-456B-A604-534A77F2DB30}.Release|Any CPU.ActiveCfg = Release|Any CPU
		{F38543E8-9DC1-456B-A604-534A77F2DB30}.Release|Any CPU.Build.0 = Release|Any CPU
		{F38543E8-9DC1-456B-A604-534A77F2DB30}.Release|x64.ActiveCfg = Release|Any CPU
		{F38543E8-9DC1-456B-A604-534A77F2DB30}.Release|x64.Build.0 = Release|Any CPU
		{F38543E8-9DC1-456B-A604-534A77F2DB30}.Release|x86.ActiveCfg = Release|Any CPU
		{F38543E8-9DC1-456B-A604-534A77F2DB30}.Release|x86.Build.0 = Release|Any CPU
	EndGlobalSection
	GlobalSection(SolutionProperties) = preSolution
		HideSolutionNode = FALSE
	EndGlobalSection
EndGlobal
